
Microsoft Visual Studio Solution File, Format Version 12.00
# Visual Studio Version 17
VisualStudioVersion = 17.5.002.0
MinimumVisualStudioVersion = 10.0.40219.1
Project("{2150E333-8FDC-42A3-9474-1A3956D46DE8}") = "gradebook", "gradebook", "{FA6C097A-82B8-402F-A5F3-EDE316B68A67}"
EndProject
Project("{2150E333-8FDC-42A3-9474-1A3956D46DE8}") = "src", "src", "{31076E10-97F1-4B65-A80B-380075A88EF3}"
EndProject
Project("{9A19103F-16F7-4668-BE54-9A1E7A4F7556}") = "GradeBook", "gradebook\src\GradeBook\GradeBook.csproj", "{38712EEF-634D-4F8F-8B12-2EBB58C208DC}"
EndProject
Global
	GlobalSection(SolutionConfigurationPlatforms) = preSolution
		Debug|Any CPU = Debug|Any CPU
		Release|Any CPU = Release|Any CPU
	EndGlobalSection
	GlobalSection(ProjectConfigurationPlatforms) = postSolution
		{38712EEF-634D-4F8F-8B12-2EBB58C208DC}.Debug|Any CPU.ActiveCfg = Debug|Any CPU
		{38712EEF-634D-4F8F-8B12-2EBB58C208DC}.Debug|Any CPU.Build.0 = Debug|Any CPU
		{38712EEF-634D-4F8F-8B12-2EBB58C208DC}.Release|Any CPU.ActiveCfg = Release|Any CPU
		{38712EEF-634D-4F8F-8B12-2EBB58C208DC}.Release|Any CPU.Build.0 = Release|Any CPU
	EndGlobalSection
	GlobalSection(SolutionProperties) = preSolution
		HideSolutionNode = FALSE
	EndGlobalSection
	GlobalSection(NestedProjects) = preSolution
		{31076E10-97F1-4B65-A80B-380075A88EF3} = {FA6C097A-82B8-402F-A5F3-EDE316B68A67}
		{38712EEF-634D-4F8F-8B12-2EBB58C208DC} = {31076E10-97F1-4B65-A80B-380075A88EF3}
	EndGlobalSection
	GlobalSection(ExtensibilityGlobals) = postSolution
		SolutionGuid = {BDF64B07-38FE-47FB-A474-44BFE041AC3F}
	EndGlobalSection
EndGlobal
